
Microsoft Visual Studio Solution File, Format Version 12.00
# Visual Studio Version 17
VisualStudioVersion = 17.4.33213.308
MinimumVisualStudioVersion = 10.0.40219.1
Project("{FAE04EC0-301F-11D3-BF4B-00C04F79EFBC}") = "COMP003A.Assignment5", "COMP003A.Assignment5\COMP003A.Assignment5.csproj", "{C65ABA1C-9020-4634-AA81-432F01F0E663}"
EndProject
Global
	GlobalSection(SolutionConfigurationPlatforms) = preSolution
		Debug|Any CPU = Debug|Any CPU
		Release|Any CPU = Release|Any CPU
	EndGlobalSection
	GlobalSection(ProjectConfigurationPlatforms) = postSolution
		{C65ABA1C-9020-4634-AA81-432F01F0E663}.Debug|Any CPU.ActiveCfg = Debug|Any CPU
		{C65ABA1C-9020-4634-AA81-432F01F0E663}.Debug|Any CPU.Build.0 = Debug|Any CPU
		{C65ABA1C-9020-4634-AA81-432F01F0E663}.Release|Any CPU.ActiveCfg = Release|Any CPU
		{C65ABA1C-9020-4634-AA81-432F01F0E663}.Release|Any CPU.Build.0 = Release|Any CPU
	EndGlobalSection
	GlobalSection(SolutionProperties) = preSolution
		HideSolutionNode = FALSE
	EndGlobalSection
	GlobalSection(ExtensibilityGlobals) = postSolution
		SolutionGuid = {755D8E61-7A02-4016-AA24-3EA1F790BD6E}
	EndGlobalSection
EndGlobal
